
Microsoft Visual Studio Solution File, Format Version 12.00
# Visual Studio Version 16
VisualStudioVersion = 16.0.33927.289
MinimumVisualStudioVersion = 10.0.40219.1
Project("{2150E333-8FDC-42A3-9474-1A3956D46DE8}") = "Task0", "Task0", "{14B62158-9D6E-495E-A6A8-B0AB756AC844}"
EndProject
Project("{FAE04EC0-301F-11D3-BF4B-00C04F79EFBC}") = "Tyuiu.DubrovinSN.Sprint1.Task0.V7", "Tyuiu.DubrovinSN.Sprint1.Task0.V7\Tyuiu.DubrovinSN.Sprint1.Task0.V7.csproj", "{EF7659FD-64A5-408B-BAA0-0B2067E2A541}"
EndProject
Project("{FAE04EC0-301F-11D3-BF4B-00C04F79EFBC}") = "Tyuiu.DubrovinSN.Sprint1.Task0.V7.Lib", "Tyuiu.DubrovinSN.Sprint1.Task0.V7.Lib\Tyuiu.DubrovinSN.Sprint1.Task0.V7.Lib.csproj", "{F67F62EC-3313-47DE-BCD7-D21D536423CA}"
EndProject
Project("{FAE04EC0-301F-11D3-BF4B-00C04F79EFBC}") = "Tyuiu.DubrovinSN.Sprint1.Task0.V7.Test", "Tyuiu.DubrovinSN.Sprint1.Task0.V7.Test\Tyuiu.DubrovinSN.Sprint1.Task0.V7.Test.csproj", "{D2A5B969-7FB3-4F45-8768-5E80AEA834C4}"
EndProject
Project("{2150E333-8FDC-42A3-9474-1A3956D46DE8}") = "Task1", "Task1", "{F675509A-23AE-48F0-BF08-F1F18FC78063}"
EndProject
Project("{FAE04EC0-301F-11D3-BF4B-00C04F79EFBC}") = "Tyuiu.DubrovinSN.Sprint1.Task1.V2", "Tyuiu.DubrovinSN.Sprint1.Task1.V2\Tyuiu.DubrovinSN.Sprint1.Task1.V2.csproj", "{0F42C80B-A455-47B6-A1EA-DC0A2C3D33CF}"
EndProject
Project("{FAE04EC0-301F-11D3-BF4B-00C04F79EFBC}") = "Tyuiu.DubrovinSN.Sprint1.Task1.V2.Lib", "Tyuiu.DubrovinSN.Sprint1.Task1.V2.Lib\Tyuiu.DubrovinSN.Sprint1.Task1.V2.Lib.csproj", "{D8593F29-42A8-4C2E-9A8D-33AFFB9B5F5A}"
EndProject
Project("{FAE04EC0-301F-11D3-BF4B-00C04F79EFBC}") = "Tyuiu.DubrovinSN.Sprint1.Task1.V2.Test", "Tyuiu.DubrovinSN.Sprint1.Task1.V2.Test\Tyuiu.DubrovinSN.Sprint1.Task1.V2.Test.csproj", "{7FC08125-93E0-4317-A266-1E34B8BCAA30}"
EndProject
Project("{2150E333-8FDC-42A3-9474-1A3956D46DE8}") = "Task2", "Task2", "{C976A77B-AAB7-4D13-945E-C3692A7A8BE8}"
EndProject
Project("{FAE04EC0-301F-11D3-BF4B-00C04F79EFBC}") = "Tyuiu.DubrovinSN.Sprint1.Task2.V19", "Tyuiu.DubrovinSN.Sprint1.Task2.V19\Tyuiu.DubrovinSN.Sprint1.Task2.V19.csproj", "{6B346676-2C72-4A37-9EA3-B0C537F86CDA}"
EndProject
Project("{FAE04EC0-301F-11D3-BF4B-00C04F79EFBC}") = "Tyuiu.DubrovinSN.Sprint1.Task2.V19.Lib", "Tyuiu.DubrovinSN.Sprint1.Task2.V19.Lib\Tyuiu.DubrovinSN.Sprint1.Task2.V19.Lib.csproj", "{E470FC18-77A9-4A68-B56A-5EFBF0911595}"
EndProject
Project("{FAE04EC0-301F-11D3-BF4B-00C04F79EFBC}") = "Tyuiu.DubrovinSN.Sprint1.Task2.V19.Test", "Tyuiu.DubrovinSN.Sprint1.Task2.V19.Test\Tyuiu.DubrovinSN.Sprint1.Task2.V19.Test.csproj", "{717D6874-AA17-427A-8DC9-488FD454ABC1}"
EndProject
Project("{2150E333-8FDC-42A3-9474-1A3956D46DE8}") = "Task3", "Task3", "{E8146AD7-9866-40B5-AE4A-D758B9BB05D3}"
EndProject
Project("{FAE04EC0-301F-11D3-BF4B-00C04F79EFBC}") = "Tyuiu.DubrovinSN.Sprint1.Task3.V4", "Tyuiu.DubrovinSN.Sprint1.Task3.V4\Tyuiu.DubrovinSN.Sprint1.Task3.V4.csproj", "{36C25775-325A-4403-8781-FD42F73C1365}"
EndProject
Project("{FAE04EC0-301F-11D3-BF4B-00C04F79EFBC}") = "Tyuiu.DubrovinSN.Sprint1.Task3.V4.Lib", "Tyuiu.DubrovinSN.Sprint1.Task3.V4.Lib\Tyuiu.DubrovinSN.Sprint1.Task3.V4.Lib.csproj", "{80D9CD10-0D04-4F85-A2E9-A765A4BA46CF}"
EndProject
Project("{FAE04EC0-301F-11D3-BF4B-00C04F79EFBC}") = "Tyuiu.DubrovinSN.Sprint1.Task3.V4.Test", "Tyuiu.DubrovinSN.Sprint1.Task3.V4.Test\Tyuiu.DubrovinSN.Sprint1.Task3.V4.Test.csproj", "{B4101436-0163-41BC-9F6A-7042A4457211}"
EndProject
Project("{2150E333-8FDC-42A3-9474-1A3956D46DE8}") = "Task4", "Task4", "{AF3DF884-70E7-45CE-9157-204B9438F617}"
EndProject
Project("{FAE04EC0-301F-11D3-BF4B-00C04F79EFBC}") = "Tyuiu.DubrovinSN.Sprint1.Task4.V11", "Tyuiu.DubrovinSN.Sprint1.Task4.V11\Tyuiu.DubrovinSN.Sprint1.Task4.V11.csproj", "{F6E8BE01-D6D7-41D2-88F8-5D7724B6C6C7}"
EndProject
Project("{FAE04EC0-301F-11D3-BF4B-00C04F79EFBC}") = "Tyuiu.DubrovinSN.Sprint1.Task4.V11.Lib", "Tyuiu.DubrovinSN.Sprint1.Task4.V11.Lib\Tyuiu.DubrovinSN.Sprint1.Task4.V11.Lib.csproj", "{BF68618B-67D8-41FD-85E7-E40DE47503C4}"
EndProject
Project("{FAE04EC0-301F-11D3-BF4B-00C04F79EFBC}") = "Tyuiu.DubrovinSN.Sprint1.Task4.V11.Test", "Tyuiu.DubrovinSN.Sprint1.Task4.V11.Test\Tyuiu.DubrovinSN.Sprint1.Task4.V11.Test.csproj", "{D7C19EE0-02EA-47B6-87CA-4B09B9993114}"
EndProject
Project("{2150E333-8FDC-42A3-9474-1A3956D46DE8}") = "Task5", "Task5", "{A8224EA6-A063-4A5B-82D5-317B691A5ADC}"
EndProject
Project("{FAE04EC0-301F-11D3-BF4B-00C04F79EFBC}") = "Tyuiu.DubrovinSN.Sprint1.Task5.V6", "Tyuiu.DubrovinSN.Sprint1.Task5.V6\Tyuiu.DubrovinSN.Sprint1.Task5.V6.csproj", "{D411F67B-863C-467C-B11B-CE0EE97D3B4E}"
EndProject
Project("{FAE04EC0-301F-11D3-BF4B-00C04F79EFBC}") = "Tyuiu.DubrovinSN.Sprint1.Task5.V6.Lib", "Tyuiu.DubrovinSN.Sprint1.Task5.V6.Lib\Tyuiu.DubrovinSN.Sprint1.Task5.V6.Lib.csproj", "{73C8611F-91D2-4E7B-A755-B1B333A9934F}"
EndProject
Project("{FAE04EC0-301F-11D3-BF4B-00C04F79EFBC}") = "Tyuiu.DubrovinSN.Sprint1.Task5.V6.Test", "Tyuiu.DubrovinSN.Sprint1.Task5.V6.Test\Tyuiu.DubrovinSN.Sprint1.Task5.V6.Test.csproj", "{1E7EAE55-6F39-4650-BA62-80EF3B48AD4D}"
EndProject
Project("{2150E333-8FDC-42A3-9474-1A3956D46DE8}") = "Task6", "Task6", "{E2EDAE46-33FC-423B-AFA1-6EF38CA1E493}"
EndProject
Project("{FAE04EC0-301F-11D3-BF4B-00C04F79EFBC}") = "Tyuiu.DubrovinSN.Sprint1.Task6.V8", "Tyuiu.DubrovinSN.Sprint1.Task6.V8\Tyuiu.DubrovinSN.Sprint1.Task6.V8.csproj", "{CFD1B6CF-1946-4253-8F41-16973C473AE3}"
EndProject
Project("{FAE04EC0-301F-11D3-BF4B-00C04F79EFBC}") = "Tyuiu.DubrovinSN.Sprint1.Task6.V8.Lib", "Tyuiu.DubrovinSN.Sprint1.Task6.V8.Lib\Tyuiu.DubrovinSN.Sprint1.Task6.V8.Lib.csproj", "{35704DEF-C7A9-4A03-864E-7159EB0D3C52}"
EndProject
Project("{FAE04EC0-301F-11D3-BF4B-00C04F79EFBC}") = "Tyuiu.DubrovinSN.Sprint1.Task6.V8.Test", "Tyuiu.DubrovinSN.Sprint1.Task6.V8.Test\Tyuiu.DubrovinSN.Sprint1.Task6.V8.Test.csproj", "{06B3EBC0-2185-4BB1-8BAE-FEEBD813334D}"
EndProject
Project("{2150E333-8FDC-42A3-9474-1A3956D46DE8}") = "Task7", "Task7", "{A04938FB-6CF0-4806-BFB3-39478580FE5C}"
EndProject
Project("{FAE04EC0-301F-11D3-BF4B-00C04F79EFBC}") = "Tyuiu.DubrovinSN.Sprint1.Task7.V16", "Tyuiu.DubrovinSN.Sprint1.Task7.V16\Tyuiu.DubrovinSN.Sprint1.Task7.V16.csproj", "{4EA5C6C4-E5EF-4C52-859A-6AE9DB9456B5}"
EndProject
Project("{FAE04EC0-301F-11D3-BF4B-00C04F79EFBC}") = "Tyuiu.DubrovinSN.Sprint1.Task7.V16.Lib", "Tyuiu.DubrovinSN.Sprint1.Task7.V16.Lib\Tyuiu.DubrovinSN.Sprint1.Task7.V16.Lib.csproj", "{2CBE0AC7-730A-4145-9F86-353302F2CEA8}"
EndProject
Project("{FAE04EC0-301F-11D3-BF4B-00C04F79EFBC}") = "Tyuiu.DubrovinSN.Sprint1.Task7.V16.Test", "Tyuiu.DubrovinSN.Sprint1.Task7.V16.Test\Tyuiu.DubrovinSN.Sprint1.Task7.V16.Test.csproj", "{8D9C2CF0-61BE-433A-A912-0E06E7937C54}"
EndProject
Global
	GlobalSection(SolutionConfigurationPlatforms) = preSolution
		Debug|Any CPU = Debug|Any CPU
		Release|Any CPU = Release|Any CPU
	EndGlobalSection
	GlobalSection(ProjectConfigurationPlatforms) = postSolution
		{EF7659FD-64A5-408B-BAA0-0B2067E2A541}.Debug|Any CPU.ActiveCfg = Debug|Any CPU
		{EF7659FD-64A5-408B-BAA0-0B2067E2A541}.Debug|Any CPU.Build.0 = Debug|Any CPU
		{EF7659FD-64A5-408B-BAA0-0B2067E2A541}.Release|Any CPU.ActiveCfg = Release|Any CPU
		{EF7659FD-64A5-408B-BAA0-0B2067E2A541}.Release|Any CPU.Build.0 = Release|Any CPU
		{F67F62EC-3313-47DE-BCD7-D21D536423CA}.Debug|Any CPU.ActiveCfg = Debug|Any CPU
		{F67F62EC-3313-47DE-BCD7-D21D536423CA}.Debug|Any CPU.Build.0 = Debug|Any CPU
		{F67F62EC-3313-47DE-BCD7-D21D536423CA}.Release|Any CPU.ActiveCfg = Release|Any CPU
		{F67F62EC-3313-47DE-BCD7-D21D536423CA}.Release|Any CPU.Build.0 = Release|Any CPU
		{D2A5B969-7FB3-4F45-8768-5E80AEA834C4}.Debug|Any CPU.ActiveCfg = Debug|Any CPU
		{D2A5B969-7FB3-4F45-8768-5E80AEA834C4}.Debug|Any CPU.Build.0 = Debug|Any CPU
		{D2A5B969-7FB3-4F45-8768-5E80AEA834C4}.Release|Any CPU.ActiveCfg = Release|Any CPU
		{D2A5B969-7FB3-4F45-8768-5E80AEA834C4}.Release|Any CPU.Build.0 = Release|Any CPU
		{0F42C80B-A455-47B6-A1EA-DC0A2C3D33CF}.Debug|Any CPU.ActiveCfg = Debug|Any CPU
		{0F42C80B-A455-47B6-A1EA-DC0A2C3D33CF}.Debug|Any CPU.Build.0 = Debug|Any CPU
		{0F42C80B-A455-47B6-A1EA-DC0A2C3D33CF}.Release|Any CPU.ActiveCfg = Release|Any CPU
		{0F42C80B-A455-47B6-A1EA-DC0A2C3D33CF}.Release|Any CPU.Build.0 = Release|Any CPU
		{D8593F29-42A8-4C2E-9A8D-33AFFB9B5F5A}.Debug|Any CPU.ActiveCfg = Debug|Any CPU
		{D8593F29-42A8-4C2E-9A8D-33AFFB9B5F5A}.Debug|Any CPU.Build.0 = Debug|Any CPU
		{D8593F29-42A8-4C2E-9A8D-33AFFB9B5F5A}.Release|Any CPU.ActiveCfg = Release|Any CPU
		{D8593F29-42A8-4C2E-9A8D-33AFFB9B5F5A}.Release|Any CPU.Build.0 = Release|Any CPU
		{7FC08125-93E0-4317-A266-1E34B8BCAA30}.Debug|Any CPU.ActiveCfg = Debug|Any CPU
		{7FC08125-93E0-4317-A266-1E34B8BCAA30}.Debug|Any CPU.Build.0 = Debug|Any CPU
		{7FC08125-93E0-4317-A266-1E34B8BCAA30}.Release|Any CPU.ActiveCfg = Release|Any CPU
		{7FC08125-93E0-4317-A266-1E34B8BCAA30}.Release|Any CPU.Build.0 = Release|Any CPU
		{6B346676-2C72-4A37-9EA3-B0C537F86CDA}.Debug|Any CPU.ActiveCfg = Debug|Any CPU
		{6B346676-2C72-4A37-9EA3-B0C537F86CDA}.Debug|Any CPU.Build.0 = Debug|Any CPU
		{6B346676-2C72-4A37-9EA3-B0C537F86CDA}.Release|Any CPU.ActiveCfg = Release|Any CPU
		{6B346676-2C72-4A37-9EA3-B0C537F86CDA}.Release|Any CPU.Build.0 = Release|Any CPU
		{E470FC18-77A9-4A68-B56A-5EFBF0911595}.Debug|Any CPU.ActiveCfg = Debug|Any CPU
		{E470FC18-77A9-4A68-B56A-5EFBF0911595}.Debug|Any CPU.Build.0 = Debug|Any CPU
		{E470FC18-77A9-4A68-B56A-5EFBF0911595}.Release|Any CPU.ActiveCfg = Release|Any CPU
		{E470FC18-77A9-4A68-B56A-5EFBF0911595}.Release|Any CPU.Build.0 = Release|Any CPU
		{717D6874-AA17-427A-8DC9-488FD454ABC1}.Debug|Any CPU.ActiveCfg = Debug|Any CPU
		{717D6874-AA17-427A-8DC9-488FD454ABC1}.Debug|Any CPU.Build.0 = Debug|Any CPU
		{717D6874-AA17-427A-8DC9-488FD454ABC1}.Release|Any CPU.ActiveCfg = Release|Any CPU
		{717D6874-AA17-427A-8DC9-488FD454ABC1}.Release|Any CPU.Build.0 = Release|Any CPU
		{36C25775-325A-4403-8781-FD42F73C1365}.Debug|Any CPU.ActiveCfg = Debug|Any CPU
		{36C25775-325A-4403-8781-FD42F73C1365}.Debug|Any CPU.Build.0 = Debug|Any CPU
		{36C25775-325A-4403-8781-FD42F73C1365}.Release|Any CPU.ActiveCfg = Release|Any CPU
		{36C25775-325A-4403-8781-FD42F73C1365}.Release|Any CPU.Build.0 = Release|Any CPU
		{80D9CD10-0D04-4F85-A2E9-A765A4BA46CF}.Debug|Any CPU.ActiveCfg = Debug|Any CPU
		{80D9CD10-0D04-4F85-A2E9-A765A4BA46CF}.Debug|Any CPU.Build.0 = Debug|Any CPU
		{80D9CD10-0D04-4F85-A2E9-A765A4BA46CF}.Release|Any CPU.ActiveCfg = Release|Any CPU
		{80D9CD10-0D04-4F85-A2E9-A765A4BA46CF}.Release|Any CPU.Build.0 = Release|Any CPU
		{B4101436-0163-41BC-9F6A-7042A4457211}.Debug|Any CPU.ActiveCfg = Debug|Any CPU
		{B4101436-0163-41BC-9F6A-7042A4457211}.Debug|Any CPU.Build.0 = Debug|Any CPU
		{B4101436-0163-41BC-9F6A-7042A4457211}.Release|Any CPU.ActiveCfg = Release|Any CPU
		{B4101436-0163-41BC-9F6A-7042A4457211}.Release|Any CPU.Build.0 = Release|Any CPU
		{F6E8BE01-D6D7-41D2-88F8-5D7724B6C6C7}.Debug|Any CPU.ActiveCfg = Debug|Any CPU
		{F6E8BE01-D6D7-41D2-88F8-5D7724B6C6C7}.Debug|Any CPU.Build.0 = Debug|Any CPU
		{F6E8BE01-D6D7-41D2-88F8-5D7724B6C6C7}.Release|Any CPU.ActiveCfg = Release|Any CPU
		{F6E8BE01-D6D7-41D2-88F8-5D7724B6C6C7}.Release|Any CPU.Build.0 = Release|Any CPU
		{BF68618B-67D8-41FD-85E7-E40DE47503C4}.Debug|Any CPU.ActiveCfg = Debug|Any CPU
		{BF68618B-67D8-41FD-85E7-E40DE47503C4}.Debug|Any CPU.Build.0 = Debug|Any CPU
		{BF68618B-67D8-41FD-85E7-E40DE47503C4}.Release|Any CPU.ActiveCfg = Release|Any CPU
		{BF68618B-67D8-41FD-85E7-E40DE47503C4}.Release|Any CPU.Build.0 = Release|Any CPU
		{D7C19EE0-02EA-47B6-87CA-4B09B9993114}.Debug|Any CPU.ActiveCfg = Debug|Any CPU
		{D7C19EE0-02EA-47B6-87CA-4B09B9993114}.Debug|Any CPU.Build.0 = Debug|Any CPU
		{D7C19EE0-02EA-47B6-87CA-4B09B9993114}.Release|Any CPU.ActiveCfg = Release|Any CPU
		{D7C19EE0-02EA-47B6-87CA-4B09B9993114}.Release|Any CPU.Build.0 = Release|Any CPU
		{D411F67B-863C-467C-B11B-CE0EE97D3B4E}.Debug|Any CPU.ActiveCfg = Debug|Any CPU
		{D411F67B-863C-467C-B11B-CE0EE97D3B4E}.Debug|Any CPU.Build.0 = Debug|Any CPU
		{D411F67B-863C-467C-B11B-CE0EE97D3B4E}.Release|Any CPU.ActiveCfg = Release|Any CPU
		{D411F67B-863C-467C-B11B-CE0EE97D3B4E}.Release|Any CPU.Build.0 = Release|Any CPU
		{73C8611F-91D2-4E7B-A755-B1B333A9934F}.Debug|Any CPU.ActiveCfg = Debug|Any CPU
		{73C8611F-91D2-4E7B-A755-B1B333A9934F}.Debug|Any CPU.Build.0 = Debug|Any CPU
		{73C8611F-91D2-4E7B-A755-B1B333A9934F}.Release|Any CPU.ActiveCfg = Release|Any CPU
		{73C8611F-91D2-4E7B-A755-B1B333A9934F}.Release|Any CPU.Build.0 = Release|Any CPU
		{1E7EAE55-6F39-4650-BA62-80EF3B48AD4D}.Debug|Any CPU.ActiveCfg = Debug|Any CPU
		{1E7EAE55-6F39-4650-BA62-80EF3B48AD4D}.Debug|Any CPU.Build.0 = Debug|Any CPU
		{1E7EAE55-6F39-4650-BA62-80EF3B48AD4D}.Release|Any CPU.ActiveCfg = Release|Any CPU
		{1E7EAE55-6F39-4650-BA62-80EF3B48AD4D}.Release|Any CPU.Build.0 = Release|Any CPU
		{CFD1B6CF-1946-4253-8F41-16973C473AE3}.Debug|Any CPU.ActiveCfg = Debug|Any CPU
		{CFD1B6CF-1946-4253-8F41-16973C473AE3}.Debug|Any CPU.Build.0 = Debug|Any CPU
		{CFD1B6CF-1946-4253-8F41-16973C473AE3}.Release|Any CPU.ActiveCfg = Release|Any CPU
		{CFD1B6CF-1946-4253-8F41-16973C473AE3}.Release|Any CPU.Build.0 = Release|Any CPU
		{35704DEF-C7A9-4A03-864E-7159EB0D3C52}.Debug|Any CPU.ActiveCfg = Debug|Any CPU
		{35704DEF-C7A9-4A03-864E-7159EB0D3C52}.Debug|Any CPU.Build.0 = Debug|Any CPU
		{35704DEF-C7A9-4A03-864E-7159EB0D3C52}.Release|Any CPU.ActiveCfg = Release|Any CPU
		{35704DEF-C7A9-4A03-864E-7159EB0D3C52}.Release|Any CPU.Build.0 = Release|Any CPU
		{06B3EBC0-2185-4BB1-8BAE-FEEBD813334D}.Debug|Any CPU.ActiveCfg = Debug|Any CPU
		{06B3EBC0-2185-4BB1-8BAE-FEEBD813334D}.Debug|Any CPU.Build.0 = Debug|Any CPU
		{06B3EBC0-2185-4BB1-8BAE-FEEBD813334D}.Release|Any CPU.ActiveCfg = Release|Any CPU
		{06B3EBC0-2185-4BB1-8BAE-FEEBD813334D}.Release|Any CPU.Build.0 = Release|Any CPU
		{4EA5C6C4-E5EF-4C52-859A-6AE9DB9456B5}.Debug|Any CPU.ActiveCfg = Debug|Any CPU
		{4EA5C6C4-E5EF-4C52-859A-6AE9DB9456B5}.Debug|Any CPU.Build.0 = Debug|Any CPU
		{4EA5C6C4-E5EF-4C52-859A-6AE9DB9456B5}.Release|Any CPU.ActiveCfg = Release|Any CPU
		{4EA5C6C4-E5EF-4C52-859A-6AE9DB9456B5}.Release|Any CPU.Build.0 = Release|Any CPU
		{2CBE0AC7-730A-4145-9F86-353302F2CEA8}.Debug|Any CPU.ActiveCfg = Debug|Any CPU
		{2CBE0AC7-730A-4145-9F86-353302F2CEA8}.Debug|Any CPU.Build.0 = Debug|Any CPU
		{2CBE0AC7-730A-4145-9F86-353302F2CEA8}.Release|Any CPU.ActiveCfg = Release|Any CPU
		{2CBE0AC7-730A-4145-9F86-353302F2CEA8}.Release|Any CPU.Build.0 = Release|Any CPU
		{8D9C2CF0-61BE-433A-A912-0E06E7937C54}.Debug|Any CPU.ActiveCfg = Debug|Any CPU
		{8D9C2CF0-61BE-433A-A912-0E06E7937C54}.Debug|Any CPU.Build.0 = Debug|Any CPU
		{8D9C2CF0-61BE-433A-A912-0E06E7937C54}.Release|Any CPU.ActiveCfg = Release|Any CPU
		{8D9C2CF0-61BE-433A-A912-0E06E7937C54}.Release|Any CPU.Build.0 = Release|Any CPU
	EndGlobalSection
	GlobalSection(SolutionProperties) = preSolution
		HideSolutionNode = FALSE
	EndGlobalSection
	GlobalSection(NestedProjects) = preSolution
		{EF7659FD-64A5-408B-BAA0-0B2067E2A541} = {14B62158-9D6E-495E-A6A8-B0AB756AC844}
		{F67F62EC-3313-47DE-BCD7-D21D536423CA} = {14B62158-9D6E-495E-A6A8-B0AB756AC844}
		{D2A5B969-7FB3-4F45-8768-5E80AEA834C4} = {14B62158-9D6E-495E-A6A8-B0AB756AC844}
		{0F42C80B-A455-47B6-A1EA-DC0A2C3D33CF} = {F675509A-23AE-48F0-BF08-F1F18FC78063}
		{D8593F29-42A8-4C2E-9A8D-33AFFB9B5F5A} = {F675509A-23AE-48F0-BF08-F1F18FC78063}
		{7FC08125-93E0-4317-A266-1E34B8BCAA30} = {F675509A-23AE-48F0-BF08-F1F18FC78063}
		{6B346676-2C72-4A37-9EA3-B0C537F86CDA} = {C976A77B-AAB7-4D13-945E-C3692A7A8BE8}
		{E470FC18-77A9-4A68-B56A-5EFBF0911595} = {C976A77B-AAB7-4D13-945E-C3692A7A8BE8}
		{717D6874-AA17-427A-8DC9-488FD454ABC1} = {C976A77B-AAB7-4D13-945E-C3692A7A8BE8}
		{36C25775-325A-4403-8781-FD42F73C1365} = {E8146AD7-9866-40B5-AE4A-D758B9BB05D3}
		{80D9CD10-0D04-4F85-A2E9-A765A4BA46CF} = {E8146AD7-9866-40B5-AE4A-D758B9BB05D3}
		{B4101436-0163-41BC-9F6A-7042A4457211} = {E8146AD7-9866-40B5-AE4A-D758B9BB05D3}
		{F6E8BE01-D6D7-41D2-88F8-5D7724B6C6C7} = {AF3DF884-70E7-45CE-9157-204B9438F617}
		{BF68618B-67D8-41FD-85E7-E40DE47503C4} = {AF3DF884-70E7-45CE-9157-204B9438F617}
		{D7C19EE0-02EA-47B6-87CA-4B09B9993114} = {AF3DF884-70E7-45CE-9157-204B9438F617}
		{D411F67B-863C-467C-B11B-CE0EE97D3B4E} = {A8224EA6-A063-4A5B-82D5-317B691A5ADC}
		{73C8611F-91D2-4E7B-A755-B1B333A9934F} = {A8224EA6-A063-4A5B-82D5-317B691A5ADC}
		{1E7EAE55-6F39-4650-BA62-80EF3B48AD4D} = {A8224EA6-A063-4A5B-82D5-317B691A5ADC}
		{CFD1B6CF-1946-4253-8F41-16973C473AE3} = {E2EDAE46-33FC-423B-AFA1-6EF38CA1E493}
		{35704DEF-C7A9-4A03-864E-7159EB0D3C52} = {E2EDAE46-33FC-423B-AFA1-6EF38CA1E493}
		{06B3EBC0-2185-4BB1-8BAE-FEEBD813334D} = {E2EDAE46-33FC-423B-AFA1-6EF38CA1E493}
		{4EA5C6C4-E5EF-4C52-859A-6AE9DB9456B5} = {A04938FB-6CF0-4806-BFB3-39478580FE5C}
		{2CBE0AC7-730A-4145-9F86-353302F2CEA8} = {A04938FB-6CF0-4806-BFB3-39478580FE5C}
		{8D9C2CF0-61BE-433A-A912-0E06E7937C54} = {A04938FB-6CF0-4806-BFB3-39478580FE5C}
	EndGlobalSection
	GlobalSection(ExtensibilityGlobals) = postSolution
		SolutionGuid = {36793D4A-4D8B-48F8-9DAB-40BD35DD8CAB}
	EndGlobalSection
EndGlobal
